{
  "name": "image-show",
  "version": "1.0.0",
  "lockfileVersion": 1,
  "requires": true,
  "dependencies": {
    "jquery": {
      "version": "3.4.1",
      "resolved": "https://registry.npmjs.org/jquery/-/jquery-3.4.1.tgz",
      "integrity": "sha512-36+AdBzCL+y6qjw5Tx7HgzeGCzC81MDDgaUP8ld2zhx58HdqXGoBd+tHdrBMiyjGQs0Hxs/MLZTu/eHNJJuWPw=="
    },
    "jquery.pan": {
      "version": "2.0.3",
      "resolved": "https://registry.npmjs.org/jquery.pan/-/jquery.pan-2.0.3.tgz",
      "integrity": "sha512-3LZtSJX087tJFaDP+q3+qp+sNC2CSk94ZyX4g4CoAO06AWCz0es1uKkud/4Kueoz52VerGyH6h9awVNgMOOXTg=="
    },
    "materialize-css": {
      "version": "1.0.0-rc.2",
      "resolved": "https://registry.npmjs.org/materialize-css/-/materialize-css-1.0.0-rc.2.tgz",
      "integrity": "sha512-FuQmSyq4Qv0ov7A2qXw0E6/jbQzSWx2P1pg2/XQDYTkkSc/GyiFAxu3fw9zgShwuTvyumEiw5jkxQWT9siqMBQ=="
    },
    "owl.carousel": {
      "version": "2.3.4",
      "resolved": "https://registry.npmjs.org/owl.carousel/-/owl.carousel-2.3.4.tgz",
      "integrity": "sha512-JaDss9+feAvEW8KZppPSpllfposEzQiW+Ytt/Xm5t/3CTJ7YVmkh6RkWixoA2yXk2boIwedYxOvrrppIGzru9A==",
      "requires": {
        "jquery": ">=1.8.3"
      }
    },
    "owl.carousel2.thumbs": {
      "version": "0.1.8",
      "resolved": "https://registry.npmjs.org/owl.carousel2.thumbs/-/owl.carousel2.thumbs-0.1.8.tgz",
      "integrity": "sha1-l9qAO9M1mWlZG3OtTGt/rPAdzOg="
    }
  }
}
